
Microsoft Visual Studio Solution File, Format Version 12.00
# Visual Studio Version 16
VisualStudioVersion = 16.0.30907.101
MinimumVisualStudioVersion = 10.0.40219.1
Project("{FAE04EC0-301F-11D3-BF4B-00C04F79EFBC}") = "ClassMetotDemo", "ClassMetotDemo\ClassMetotDemo.csproj", "{DCAFCED2-5A07-4D25-959A-069A0980E184}"
EndProject
Global
	GlobalSection(SolutionConfigurationPlatforms) = preSolution
		Debug|Any CPU = Debug|Any CPU
		Release|Any CPU = Release|Any CPU
	EndGlobalSection
	GlobalSection(ProjectConfigurationPlatforms) = postSolution
		{DCAFCED2-5A07-4D25-959A-069A0980E184}.Debug|Any CPU.ActiveCfg = Debug|Any CPU
		{DCAFCED2-5A07-4D25-959A-069A0980E184}.Debug|Any CPU.Build.0 = Debug|Any CPU
		{DCAFCED2-5A07-4D25-959A-069A0980E184}.Release|Any CPU.ActiveCfg = Release|Any CPU
		{DCAFCED2-5A07-4D25-959A-069A0980E184}.Release|Any CPU.Build.0 = Release|Any CPU
	EndGlobalSection
	GlobalSection(SolutionProperties) = preSolution
		HideSolutionNode = FALSE
	EndGlobalSection
	GlobalSection(ExtensibilityGlobals) = postSolution
		SolutionGuid = {C047A3ED-FCF7-488E-B560-3BEB2F4FFBB2}
	EndGlobalSection
EndGlobal
